
Microsoft Visual Studio Solution File, Format Version 12.00
# Visual Studio Version 16
VisualStudioVersion = 16.0.30523.141
MinimumVisualStudioVersion = 10.0.40219.1
Project("{FAE04EC0-301F-11D3-BF4B-00C04F79EFBC}") = "Ejercicio2", "Ejercicio2.csproj", "{BA9DD9AE-3A92-4F23-BFF8-DCCA025F7036}"
EndProject
Global
	GlobalSection(SolutionConfigurationPlatforms) = preSolution
		Debug|Any CPU = Debug|Any CPU
		Release|Any CPU = Release|Any CPU
	EndGlobalSection
	GlobalSection(ProjectConfigurationPlatforms) = postSolution
		{BA9DD9AE-3A92-4F23-BFF8-DCCA025F7036}.Debug|Any CPU.ActiveCfg = Debug|Any CPU
		{BA9DD9AE-3A92-4F23-BFF8-DCCA025F7036}.Debug|Any CPU.Build.0 = Debug|Any CPU
		{BA9DD9AE-3A92-4F23-BFF8-DCCA025F7036}.Release|Any CPU.ActiveCfg = Release|Any CPU
		{BA9DD9AE-3A92-4F23-BFF8-DCCA025F7036}.Release|Any CPU.Build.0 = Release|Any CPU
	EndGlobalSection
	GlobalSection(SolutionProperties) = preSolution
		HideSolutionNode = FALSE
	EndGlobalSection
	GlobalSection(ExtensibilityGlobals) = postSolution
		SolutionGuid = {DD370453-92FE-4B4E-B34D-F6587414A3C0}
	EndGlobalSection
EndGlobal
