
Microsoft Visual Studio Solution File, Format Version 12.00
# Visual Studio Version 16
VisualStudioVersion = 16.0.30523.141
MinimumVisualStudioVersion = 10.0.40219.1
Project("{FAE04EC0-301F-11D3-BF4B-00C04F79EFBC}") = "Ejercicio1", "Ejercicio1.csproj", "{75CCC049-0F95-4D5B-AA59-B95E404138D8}"
EndProject
Global
	GlobalSection(SolutionConfigurationPlatforms) = preSolution
		Debug|Any CPU = Debug|Any CPU
		Release|Any CPU = Release|Any CPU
	EndGlobalSection
	GlobalSection(ProjectConfigurationPlatforms) = postSolution
		{75CCC049-0F95-4D5B-AA59-B95E404138D8}.Debug|Any CPU.ActiveCfg = Debug|Any CPU
		{75CCC049-0F95-4D5B-AA59-B95E404138D8}.Debug|Any CPU.Build.0 = Debug|Any CPU
		{75CCC049-0F95-4D5B-AA59-B95E404138D8}.Release|Any CPU.ActiveCfg = Release|Any CPU
		{75CCC049-0F95-4D5B-AA59-B95E404138D8}.Release|Any CPU.Build.0 = Release|Any CPU
	EndGlobalSection
	GlobalSection(SolutionProperties) = preSolution
		HideSolutionNode = FALSE
	EndGlobalSection
	GlobalSection(ExtensibilityGlobals) = postSolution
		SolutionGuid = {FE736191-2160-4297-84E2-AFF194FCF3EF}
	EndGlobalSection
EndGlobal
