
Microsoft Visual Studio Solution File, Format Version 12.00
# Visual Studio Version 16
VisualStudioVersion = 16.0.30523.141
MinimumVisualStudioVersion = 10.0.40219.1
Project("{FAE04EC0-301F-11D3-BF4B-00C04F79EFBC}") = "ApWinForms", "ApWinForms\ApWinForms.csproj", "{909D9FD7-B364-46DF-A0CF-7D26D0BB8EE7}"
EndProject
Project("{FAE04EC0-301F-11D3-BF4B-00C04F79EFBC}") = "BDFamosos", "BDFamosos\BDFamosos.csproj", "{BA2D214F-FFDA-482D-8930-9CBAFB32CDF0}"
EndProject
Global
	GlobalSection(SolutionConfigurationPlatforms) = preSolution
		Debug|Any CPU = Debug|Any CPU
		Release|Any CPU = Release|Any CPU
	EndGlobalSection
	GlobalSection(ProjectConfigurationPlatforms) = postSolution
		{909D9FD7-B364-46DF-A0CF-7D26D0BB8EE7}.Debug|Any CPU.ActiveCfg = Debug|Any CPU
		{909D9FD7-B364-46DF-A0CF-7D26D0BB8EE7}.Debug|Any CPU.Build.0 = Debug|Any CPU
		{909D9FD7-B364-46DF-A0CF-7D26D0BB8EE7}.Release|Any CPU.ActiveCfg = Release|Any CPU
		{909D9FD7-B364-46DF-A0CF-7D26D0BB8EE7}.Release|Any CPU.Build.0 = Release|Any CPU
		{BA2D214F-FFDA-482D-8930-9CBAFB32CDF0}.Debug|Any CPU.ActiveCfg = Debug|Any CPU
		{BA2D214F-FFDA-482D-8930-9CBAFB32CDF0}.Debug|Any CPU.Build.0 = Debug|Any CPU
		{BA2D214F-FFDA-482D-8930-9CBAFB32CDF0}.Release|Any CPU.ActiveCfg = Release|Any CPU
		{BA2D214F-FFDA-482D-8930-9CBAFB32CDF0}.Release|Any CPU.Build.0 = Release|Any CPU
	EndGlobalSection
	GlobalSection(SolutionProperties) = preSolution
		HideSolutionNode = FALSE
	EndGlobalSection
	GlobalSection(ExtensibilityGlobals) = postSolution
		SolutionGuid = {4B086857-1002-4CFD-9231-280A3F5ADD02}
	EndGlobalSection
EndGlobal
